
Microsoft Visual Studio Solution File, Format Version 12.00
# Visual Studio 2012
Project("{2150E333-8FDC-42A3-9474-1A3956D46DE8}") = ".nuget", ".nuget", "{2947C716-86B3-495E-B216-05164A628F15}"
	ProjectSection(SolutionItems) = preProject
		.nuget\NuGet.Config = .nuget\NuGet.Config
		.nuget\NuGet.targets = .nuget\NuGet.targets
	EndProjectSection
EndProject
Project("{2150E333-8FDC-42A3-9474-1A3956D46DE8}") = "Source", "Source", "{8F35C9F9-0FC0-4EE9-9C7D-0906B3667DCD}"
EndProject
Project("{2150E333-8FDC-42A3-9474-1A3956D46DE8}") = "Global", "Global", "{85C26B06-D9B2-49D8-908A-7853CFDF81AC}"
	ProjectSection(SolutionItems) = preProject
		Global\GlobalAssemblyInfo.cs = Global\GlobalAssemblyInfo.cs
	EndProjectSection
EndProject
Project("{FAE04EC0-301F-11D3-BF4B-00C04F79EFBC}") = "Aggregated.Service", "Source\Aggregated.Service\Aggregated.Service.csproj", "{40BC508A-11F6-4734-BFDF-2B0DAEC1C080}"
EndProject
Project("{FAE04EC0-301F-11D3-BF4B-00C04F79EFBC}") = "Aggregated.Web", "Source\Aggregated.Web\Aggregated.Web.csproj", "{420B4598-9B13-4843-9795-1D6918DF2787}"
EndProject
Project("{2150E333-8FDC-42A3-9474-1A3956D46DE8}") = "Tests", "Tests", "{88F67485-0FF9-4216-96C7-D643D6ED5B3B}"
EndProject
Project("{FAE04EC0-301F-11D3-BF4B-00C04F79EFBC}") = "Aggregated.Service.Tests", "Tests\Aggregated.Service.Tests\Aggregated.Service.Tests.csproj", "{0B9102ED-A07C-4BB9-A940-862904114AAE}"
EndProject
Global
	GlobalSection(SolutionConfigurationPlatforms) = preSolution
		Debug|Any CPU = Debug|Any CPU
		Release|Any CPU = Release|Any CPU
	EndGlobalSection
	GlobalSection(ProjectConfigurationPlatforms) = postSolution
		{40BC508A-11F6-4734-BFDF-2B0DAEC1C080}.Debug|Any CPU.ActiveCfg = Debug|Any CPU
		{40BC508A-11F6-4734-BFDF-2B0DAEC1C080}.Debug|Any CPU.Build.0 = Debug|Any CPU
		{40BC508A-11F6-4734-BFDF-2B0DAEC1C080}.Release|Any CPU.ActiveCfg = Release|Any CPU
		{40BC508A-11F6-4734-BFDF-2B0DAEC1C080}.Release|Any CPU.Build.0 = Release|Any CPU
		{420B4598-9B13-4843-9795-1D6918DF2787}.Debug|Any CPU.ActiveCfg = Debug|Any CPU
		{420B4598-9B13-4843-9795-1D6918DF2787}.Debug|Any CPU.Build.0 = Debug|Any CPU
		{420B4598-9B13-4843-9795-1D6918DF2787}.Release|Any CPU.ActiveCfg = Release|Any CPU
		{420B4598-9B13-4843-9795-1D6918DF2787}.Release|Any CPU.Build.0 = Release|Any CPU
		{0B9102ED-A07C-4BB9-A940-862904114AAE}.Debug|Any CPU.ActiveCfg = Debug|Any CPU
		{0B9102ED-A07C-4BB9-A940-862904114AAE}.Debug|Any CPU.Build.0 = Debug|Any CPU
		{0B9102ED-A07C-4BB9-A940-862904114AAE}.Release|Any CPU.ActiveCfg = Release|Any CPU
		{0B9102ED-A07C-4BB9-A940-862904114AAE}.Release|Any CPU.Build.0 = Release|Any CPU
	EndGlobalSection
	GlobalSection(SolutionProperties) = preSolution
		HideSolutionNode = FALSE
	EndGlobalSection
	GlobalSection(NestedProjects) = preSolution
		{40BC508A-11F6-4734-BFDF-2B0DAEC1C080} = {8F35C9F9-0FC0-4EE9-9C7D-0906B3667DCD}
		{420B4598-9B13-4843-9795-1D6918DF2787} = {8F35C9F9-0FC0-4EE9-9C7D-0906B3667DCD}
		{0B9102ED-A07C-4BB9-A940-862904114AAE} = {88F67485-0FF9-4216-96C7-D643D6ED5B3B}
	EndGlobalSection
EndGlobal
